
Microsoft Visual Studio Solution File, Format Version 12.00
# Visual Studio 15
VisualStudioVersion = 15.0.27703.2035
MinimumVisualStudioVersion = 10.0.40219.1
Project("{FAE04EC0-301F-11D3-BF4B-00C04F79EFBC}") = "AppEduca.Android", "AppEduca\AppEduca.Android\AppEduca.Android.csproj", "{6B1A60A2-0658-4C56-9126-58EA474B2DE9}"
EndProject
Project("{FAE04EC0-301F-11D3-BF4B-00C04F79EFBC}") = "AppEduca.iOS", "AppEduca\AppEduca.iOS\AppEduca.iOS.csproj", "{36EABE6F-BD22-4EC1-93A5-5707635E1CC5}"
EndProject
Project("{FAE04EC0-301F-11D3-BF4B-00C04F79EFBC}") = "AppEduca.UWP", "AppEduca\AppEduca.UWP\AppEduca.UWP.csproj", "{65B3E223-2D0E-4D6E-A63F-A19324569518}"
EndProject
Project("{D954291E-2A0B-460D-934E-DC6B0785DB48}") = "AppEduca", "AppEduca\AppEduca\AppEduca.shproj", "{52D72B7C-43AD-4D9F-9981-1B7B3BE969E0}"
EndProject
Global
	GlobalSection(SharedMSBuildProjectFiles) = preSolution
		AppEduca\AppEduca\AppEduca.projitems*{36eabe6f-bd22-4ec1-93a5-5707635e1cc5}*SharedItemsImports = 4
		AppEduca\AppEduca\AppEduca.projitems*{52d72b7c-43ad-4d9f-9981-1b7b3be969e0}*SharedItemsImports = 13
		AppEduca\AppEduca\AppEduca.projitems*{65b3e223-2d0e-4d6e-a63f-a19324569518}*SharedItemsImports = 4
		AppEduca\AppEduca\AppEduca.projitems*{6b1a60a2-0658-4c56-9126-58ea474b2de9}*SharedItemsImports = 4
	EndGlobalSection
	GlobalSection(SolutionConfigurationPlatforms) = preSolution
		Ad-Hoc|Any CPU = Ad-Hoc|Any CPU
		Ad-Hoc|ARM = Ad-Hoc|ARM
		Ad-Hoc|iPhone = Ad-Hoc|iPhone
		Ad-Hoc|iPhoneSimulator = Ad-Hoc|iPhoneSimulator
		Ad-Hoc|x64 = Ad-Hoc|x64
		Ad-Hoc|x86 = Ad-Hoc|x86
		AppStore|Any CPU = AppStore|Any CPU
		AppStore|ARM = AppStore|ARM
		AppStore|iPhone = AppStore|iPhone
		AppStore|iPhoneSimulator = AppStore|iPhoneSimulator
		AppStore|x64 = AppStore|x64
		AppStore|x86 = AppStore|x86
		Debug|Any CPU = Debug|Any CPU
		Debug|ARM = Debug|ARM
		Debug|iPhone = Debug|iPhone
		Debug|iPhoneSimulator = Debug|iPhoneSimulator
		Debug|x64 = Debug|x64
		Debug|x86 = Debug|x86
		Release|Any CPU = Release|Any CPU
		Release|ARM = Release|ARM
		Release|iPhone = Release|iPhone
		Release|iPhoneSimulator = Release|iPhoneSimulator
		Release|x64 = Release|x64
		Release|x86 = Release|x86
	EndGlobalSection
	GlobalSection(ProjectConfigurationPlatforms) = postSolution
		{6B1A60A2-0658-4C56-9126-58EA474B2DE9}.Ad-Hoc|Any CPU.ActiveCfg = Release|Any CPU
		{6B1A60A2-0658-4C56-9126-58EA474B2DE9}.Ad-Hoc|Any CPU.Build.0 = Release|Any CPU
		{6B1A60A2-0658-4C56-9126-58EA474B2DE9}.Ad-Hoc|Any CPU.Deploy.0 = Release|Any CPU
		{6B1A60A2-0658-4C56-9126-58EA474B2DE9}.Ad-Hoc|ARM.ActiveCfg = Release|Any CPU
		{6B1A60A2-0658-4C56-9126-58EA474B2DE9}.Ad-Hoc|ARM.Build.0 = Release|Any CPU
		{6B1A60A2-0658-4C56-9126-58EA474B2DE9}.Ad-Hoc|ARM.Deploy.0 = Release|Any CPU
		{6B1A60A2-0658-4C56-9126-58EA474B2DE9}.Ad-Hoc|iPhone.ActiveCfg = Release|Any CPU
		{6B1A60A2-0658-4C56-9126-58EA474B2DE9}.Ad-Hoc|iPhone.Build.0 = Release|Any CPU
		{6B1A60A2-0658-4C56-9126-58EA474B2DE9}.Ad-Hoc|iPhone.Deploy.0 = Release|Any CPU
		{6B1A60A2-0658-4C56-9126-58EA474B2DE9}.Ad-Hoc|iPhoneSimulator.ActiveCfg = Release|Any CPU
		{6B1A60A2-0658-4C56-9126-58EA474B2DE9}.Ad-Hoc|iPhoneSimulator.Build.0 = Release|Any CPU
		{6B1A60A2-0658-4C56-9126-58EA474B2DE9}.Ad-Hoc|iPhoneSimulator.Deploy.0 = Release|Any CPU
		{6B1A60A2-0658-4C56-9126-58EA474B2DE9}.Ad-Hoc|x64.ActiveCfg = Release|Any CPU
		{6B1A60A2-0658-4C56-9126-58EA474B2DE9}.Ad-Hoc|x64.Build.0 = Release|Any CPU
		{6B1A60A2-0658-4C56-9126-58EA474B2DE9}.Ad-Hoc|x64.Deploy.0 = Release|Any CPU
		{6B1A60A2-0658-4C56-9126-58EA474B2DE9}.Ad-Hoc|x86.ActiveCfg = Release|Any CPU
		{6B1A60A2-0658-4C56-9126-58EA474B2DE9}.Ad-Hoc|x86.Build.0 = Release|Any CPU
		{6B1A60A2-0658-4C56-9126-58EA474B2DE9}.Ad-Hoc|x86.Deploy.0 = Release|Any CPU
		{6B1A60A2-0658-4C56-9126-58EA474B2DE9}.AppStore|Any CPU.ActiveCfg = Release|Any CPU
		{6B1A60A2-0658-4C56-9126-58EA474B2DE9}.AppStore|Any CPU.Build.0 = Release|Any CPU
		{6B1A60A2-0658-4C56-9126-58EA474B2DE9}.AppStore|Any CPU.Deploy.0 = Release|Any CPU
		{6B1A60A2-0658-4C56-9126-58EA474B2DE9}.AppStore|ARM.ActiveCfg = Release|Any CPU
		{6B1A60A2-0658-4C56-9126-58EA474B2DE9}.AppStore|ARM.Build.0 = Release|Any CPU
		{6B1A60A2-0658-4C56-9126-58EA474B2DE9}.AppStore|ARM.Deploy.0 = Release|Any CPU
		{6B1A60A2-0658-4C56-9126-58EA474B2DE9}.AppStore|iPhone.ActiveCfg = Release|Any CPU
		{6B1A60A2-0658-4C56-9126-58EA474B2DE9}.AppStore|iPhone.Build.0 = Release|Any CPU
		{6B1A60A2-0658-4C56-9126-58EA474B2DE9}.AppStore|iPhone.Deploy.0 = Release|Any CPU
		{6B1A60A2-0658-4C56-9126-58EA474B2DE9}.AppStore|iPhoneSimulator.ActiveCfg = Release|Any CPU
		{6B1A60A2-0658-4C56-9126-58EA474B2DE9}.AppStore|iPhoneSimulator.Build.0 = Release|Any CPU
		{6B1A60A2-0658-4C56-9126-58EA474B2DE9}.AppStore|iPhoneSimulator.Deploy.0 = Release|Any CPU
		{6B1A60A2-0658-4C56-9126-58EA474B2DE9}.AppStore|x64.ActiveCfg = Release|Any CPU
		{6B1A60A2-0658-4C56-9126-58EA474B2DE9}.AppStore|x64.Build.0 = Release|Any CPU
		{6B1A60A2-0658-4C56-9126-58EA474B2DE9}.AppStore|x64.Deploy.0 = Release|Any CPU
		{6B1A60A2-0658-4C56-9126-58EA474B2DE9}.AppStore|x86.ActiveCfg = Release|Any CPU
		{6B1A60A2-0658-4C56-9126-58EA474B2DE9}.AppStore|x86.Build.0 = Release|Any CPU
		{6B1A60A2-0658-4C56-9126-58EA474B2DE9}.AppStore|x86.Deploy.0 = Release|Any CPU
		{6B1A60A2-0658-4C56-9126-58EA474B2DE9}.Debug|Any CPU.ActiveCfg = Debug|Any CPU
		{6B1A60A2-0658-4C56-9126-58EA474B2DE9}.Debug|Any CPU.Build.0 = Debug|Any CPU
		{6B1A60A2-0658-4C56-9126-58EA474B2DE9}.Debug|Any CPU.Deploy.0 = Debug|Any CPU
		{6B1A60A2-0658-4C56-9126-58EA474B2DE9}.Debug|ARM.ActiveCfg = Debug|Any CPU
		{6B1A60A2-0658-4C56-9126-58EA474B2DE9}.Debug|ARM.Build.0 = Debug|Any CPU
		{6B1A60A2-0658-4C56-9126-58EA474B2DE9}.Debug|ARM.Deploy.0 = Debug|Any CPU
		{6B1A60A2-0658-4C56-9126-58EA474B2DE9}.Debug|iPhone.ActiveCfg = Debug|Any CPU
		{6B1A60A2-0658-4C56-9126-58EA474B2DE9}.Debug|iPhone.Build.0 = Debug|Any CPU
		{6B1A60A2-0658-4C56-9126-58EA474B2DE9}.Debug|iPhone.Deploy.0 = Debug|Any CPU
		{6B1A60A2-0658-4C56-9126-58EA474B2DE9}.Debug|iPhoneSimulator.ActiveCfg = Debug|Any CPU
		{6B1A60A2-0658-4C56-9126-58EA474B2DE9}.Debug|iPhoneSimulator.Build.0 = Debug|Any CPU
		{6B1A60A2-0658-4C56-9126-58EA474B2DE9}.Debug|iPhoneSimulator.Deploy.0 = Debug|Any CPU
		{6B1A60A2-0658-4C56-9126-58EA474B2DE9}.Debug|x64.ActiveCfg = Debug|Any CPU
		{6B1A60A2-0658-4C56-9126-58EA474B2DE9}.Debug|x64.Build.0 = Debug|Any CPU
		{6B1A60A2-0658-4C56-9126-58EA474B2DE9}.Debug|x64.Deploy.0 = Debug|Any CPU
		{6B1A60A2-0658-4C56-9126-58EA474B2DE9}.Debug|x86.ActiveCfg = Debug|Any CPU
		{6B1A60A2-0658-4C56-9126-58EA474B2DE9}.Debug|x86.Build.0 = Debug|Any CPU
		{6B1A60A2-0658-4C56-9126-58EA474B2DE9}.Debug|x86.Deploy.0 = Debug|Any CPU
		{6B1A60A2-0658-4C56-9126-58EA474B2DE9}.Release|Any CPU.ActiveCfg = Release|Any CPU
		{6B1A60A2-0658-4C56-9126-58EA474B2DE9}.Release|Any CPU.Build.0 = Release|Any CPU
		{6B1A60A2-0658-4C56-9126-58EA474B2DE9}.Release|Any CPU.Deploy.0 = Release|Any CPU
		{6B1A60A2-0658-4C56-9126-58EA474B2DE9}.Release|ARM.ActiveCfg = Release|Any CPU
		{6B1A60A2-0658-4C56-9126-58EA474B2DE9}.Release|ARM.Build.0 = Release|Any CPU
		{6B1A60A2-0658-4C56-9126-58EA474B2DE9}.Release|ARM.Deploy.0 = Release|Any CPU
		{6B1A60A2-0658-4C56-9126-58EA474B2DE9}.Release|iPhone.ActiveCfg = Release|Any CPU
		{6B1A60A2-0658-4C56-9126-58EA474B2DE9}.Release|iPhone.Build.0 = Release|Any CPU
		{6B1A60A2-0658-4C56-9126-58EA474B2DE9}.Release|iPhone.Deploy.0 = Release|Any CPU
		{6B1A60A2-0658-4C56-9126-58EA474B2DE9}.Release|iPhoneSimulator.ActiveCfg = Release|Any CPU
		{6B1A60A2-0658-4C56-9126-58EA474B2DE9}.Release|iPhoneSimulator.Build.0 = Release|Any CPU
		{6B1A60A2-0658-4C56-9126-58EA474B2DE9}.Release|iPhoneSimulator.Deploy.0 = Release|Any CPU
		{6B1A60A2-0658-4C56-9126-58EA474B2DE9}.Release|x64.ActiveCfg = Release|Any CPU
		{6B1A60A2-0658-4C56-9126-58EA474B2DE9}.Release|x64.Build.0 = Release|Any CPU
		{6B1A60A2-0658-4C56-9126-58EA474B2DE9}.Release|x64.Deploy.0 = Release|Any CPU
		{6B1A60A2-0658-4C56-9126-58EA474B2DE9}.Release|x86.ActiveCfg = Release|Any CPU
		{6B1A60A2-0658-4C56-9126-58EA474B2DE9}.Release|x86.Build.0 = Release|Any CPU
		{6B1A60A2-0658-4C56-9126-58EA474B2DE9}.Release|x86.Deploy.0 = Release|Any CPU
		{36EABE6F-BD22-4EC1-93A5-5707635E1CC5}.Ad-Hoc|Any CPU.ActiveCfg = Ad-Hoc|iPhone
		{36EABE6F-BD22-4EC1-93A5-5707635E1CC5}.Ad-Hoc|Any CPU.Build.0 = Ad-Hoc|iPhone
		{36EABE6F-BD22-4EC1-93A5-5707635E1CC5}.Ad-Hoc|Any CPU.Deploy.0 = Ad-Hoc|iPhone
		{36EABE6F-BD22-4EC1-93A5-5707635E1CC5}.Ad-Hoc|ARM.ActiveCfg = Ad-Hoc|iPhone
		{36EABE6F-BD22-4EC1-93A5-5707635E1CC5}.Ad-Hoc|ARM.Build.0 = Ad-Hoc|iPhone
		{36EABE6F-BD22-4EC1-93A5-5707635E1CC5}.Ad-Hoc|ARM.Deploy.0 = Ad-Hoc|iPhone
		{36EABE6F-BD22-4EC1-93A5-5707635E1CC5}.Ad-Hoc|iPhone.ActiveCfg = Ad-Hoc|iPhone
		{36EABE6F-BD22-4EC1-93A5-5707635E1CC5}.Ad-Hoc|iPhone.Build.0 = Ad-Hoc|iPhone
		{36EABE6F-BD22-4EC1-93A5-5707635E1CC5}.Ad-Hoc|iPhone.Deploy.0 = Ad-Hoc|iPhone
		{36EABE6F-BD22-4EC1-93A5-5707635E1CC5}.Ad-Hoc|iPhoneSimulator.ActiveCfg = Ad-Hoc|iPhoneSimulator
		{36EABE6F-BD22-4EC1-93A5-5707635E1CC5}.Ad-Hoc|iPhoneSimulator.Build.0 = Ad-Hoc|iPhoneSimulator
		{36EABE6F-BD22-4EC1-93A5-5707635E1CC5}.Ad-Hoc|iPhoneSimulator.Deploy.0 = Ad-Hoc|iPhoneSimulator
		{36EABE6F-BD22-4EC1-93A5-5707635E1CC5}.Ad-Hoc|x64.ActiveCfg = Ad-Hoc|iPhone
		{36EABE6F-BD22-4EC1-93A5-5707635E1CC5}.Ad-Hoc|x64.Build.0 = Ad-Hoc|iPhone
		{36EABE6F-BD22-4EC1-93A5-5707635E1CC5}.Ad-Hoc|x64.Deploy.0 = Ad-Hoc|iPhone
		{36EABE6F-BD22-4EC1-93A5-5707635E1CC5}.Ad-Hoc|x86.ActiveCfg = Ad-Hoc|iPhone
		{36EABE6F-BD22-4EC1-93A5-5707635E1CC5}.Ad-Hoc|x86.Build.0 = Ad-Hoc|iPhone
		{36EABE6F-BD22-4EC1-93A5-5707635E1CC5}.Ad-Hoc|x86.Deploy.0 = Ad-Hoc|iPhone
		{36EABE6F-BD22-4EC1-93A5-5707635E1CC5}.AppStore|Any CPU.ActiveCfg = AppStore|iPhone
		{36EABE6F-BD22-4EC1-93A5-5707635E1CC5}.AppStore|Any CPU.Build.0 = AppStore|iPhone
		{36EABE6F-BD22-4EC1-93A5-5707635E1CC5}.AppStore|Any CPU.Deploy.0 = AppStore|iPhone
		{36EABE6F-BD22-4EC1-93A5-5707635E1CC5}.AppStore|ARM.ActiveCfg = AppStore|iPhone
		{36EABE6F-BD22-4EC1-93A5-5707635E1CC5}.AppStore|ARM.Build.0 = AppStore|iPhone
		{36EABE6F-BD22-4EC1-93A5-5707635E1CC5}.AppStore|ARM.Deploy.0 = AppStore|iPhone
		{36EABE6F-BD22-4EC1-93A5-5707635E1CC5}.AppStore|iPhone.ActiveCfg = AppStore|iPhone
		{36EABE6F-BD22-4EC1-93A5-5707635E1CC5}.AppStore|iPhone.Build.0 = AppStore|iPhone
		{36EABE6F-BD22-4EC1-93A5-5707635E1CC5}.AppStore|iPhone.Deploy.0 = AppStore|iPhone
		{36EABE6F-BD22-4EC1-93A5-5707635E1CC5}.AppStore|iPhoneSimulator.ActiveCfg = AppStore|iPhoneSimulator
		{36EABE6F-BD22-4EC1-93A5-5707635E1CC5}.AppStore|iPhoneSimulator.Build.0 = AppStore|iPhoneSimulator
		{36EABE6F-BD22-4EC1-93A5-5707635E1CC5}.AppStore|iPhoneSimulator.Deploy.0 = AppStore|iPhoneSimulator
		{36EABE6F-BD22-4EC1-93A5-5707635E1CC5}.AppStore|x64.ActiveCfg = AppStore|iPhone
		{36EABE6F-BD22-4EC1-93A5-5707635E1CC5}.AppStore|x64.Build.0 = AppStore|iPhone
		{36EABE6F-BD22-4EC1-93A5-5707635E1CC5}.AppStore|x64.Deploy.0 = AppStore|iPhone
		{36EABE6F-BD22-4EC1-93A5-5707635E1CC5}.AppStore|x86.ActiveCfg = AppStore|iPhone
		{36EABE6F-BD22-4EC1-93A5-5707635E1CC5}.AppStore|x86.Build.0 = AppStore|iPhone
		{36EABE6F-BD22-4EC1-93A5-5707635E1CC5}.AppStore|x86.Deploy.0 = AppStore|iPhone
		{36EABE6F-BD22-4EC1-93A5-5707635E1CC5}.Debug|Any CPU.ActiveCfg = Debug|iPhoneSimulator
		{36EABE6F-BD22-4EC1-93A5-5707635E1CC5}.Debug|Any CPU.Build.0 = Debug|iPhoneSimulator
		{36EABE6F-BD22-4EC1-93A5-5707635E1CC5}.Debug|Any CPU.Deploy.0 = Debug|iPhoneSimulator
		{36EABE6F-BD22-4EC1-93A5-5707635E1CC5}.Debug|ARM.ActiveCfg = Debug|iPhone
		{36EABE6F-BD22-4EC1-93A5-5707635E1CC5}.Debug|ARM.Build.0 = Debug|iPhone
		{36EABE6F-BD22-4EC1-93A5-5707635E1CC5}.Debug|ARM.Deploy.0 = Debug|iPhone
		{36EABE6F-BD22-4EC1-93A5-5707635E1CC5}.Debug|iPhone.ActiveCfg = Debug|iPhone
		{36EABE6F-BD22-4EC1-93A5-5707635E1CC5}.Debug|iPhone.Build.0 = Debug|iPhone
		{36EABE6F-BD22-4EC1-93A5-5707635E1CC5}.Debug|iPhone.Deploy.0 = Debug|iPhone
		{36EABE6F-BD22-4EC1-93A5-5707635E1CC5}.Debug|iPhoneSimulator.ActiveCfg = Debug|iPhoneSimulator
		{36EABE6F-BD22-4EC1-93A5-5707635E1CC5}.Debug|iPhoneSimulator.Build.0 = Debug|iPhoneSimulator
		{36EABE6F-BD22-4EC1-93A5-5707635E1CC5}.Debug|iPhoneSimulator.Deploy.0 = Debug|iPhoneSimulator
		{36EABE6F-BD22-4EC1-93A5-5707635E1CC5}.Debug|x64.ActiveCfg = Debug|iPhone
		{36EABE6F-BD22-4EC1-93A5-5707635E1CC5}.Debug|x64.Build.0 = Debug|iPhone
		{36EABE6F-BD22-4EC1-93A5-5707635E1CC5}.Debug|x64.Deploy.0 = Debug|iPhone
		{36EABE6F-BD22-4EC1-93A5-5707635E1CC5}.Debug|x86.ActiveCfg = Debug|iPhone
		{36EABE6F-BD22-4EC1-93A5-5707635E1CC5}.Debug|x86.Build.0 = Debug|iPhone
		{36EABE6F-BD22-4EC1-93A5-5707635E1CC5}.Debug|x86.Deploy.0 = Debug|iPhone
		{36EABE6F-BD22-4EC1-93A5-5707635E1CC5}.Release|Any CPU.ActiveCfg = Release|iPhone
		{36EABE6F-BD22-4EC1-93A5-5707635E1CC5}.Release|Any CPU.Build.0 = Release|iPhone
		{36EABE6F-BD22-4EC1-93A5-5707635E1CC5}.Release|Any CPU.Deploy.0 = Release|iPhone
		{36EABE6F-BD22-4EC1-93A5-5707635E1CC5}.Release|ARM.ActiveCfg = Release|iPhone
		{36EABE6F-BD22-4EC1-93A5-5707635E1CC5}.Release|ARM.Build.0 = Release|iPhone
		{36EABE6F-BD22-4EC1-93A5-5707635E1CC5}.Release|ARM.Deploy.0 = Release|iPhone
		{36EABE6F-BD22-4EC1-93A5-5707635E1CC5}.Release|iPhone.ActiveCfg = Release|iPhone
		{36EABE6F-BD22-4EC1-93A5-5707635E1CC5}.Release|iPhone.Build.0 = Release|iPhone
		{36EABE6F-BD22-4EC1-93A5-5707635E1CC5}.Release|iPhone.Deploy.0 = Release|iPhone
		{36EABE6F-BD22-4EC1-93A5-5707635E1CC5}.Release|iPhoneSimulator.ActiveCfg = Release|iPhoneSimulator
		{36EABE6F-BD22-4EC1-93A5-5707635E1CC5}.Release|iPhoneSimulator.Build.0 = Release|iPhoneSimulator
		{36EABE6F-BD22-4EC1-93A5-5707635E1CC5}.Release|iPhoneSimulator.Deploy.0 = Release|iPhoneSimulator
		{36EABE6F-BD22-4EC1-93A5-5707635E1CC5}.Release|x64.ActiveCfg = Release|iPhone
		{36EABE6F-BD22-4EC1-93A5-5707635E1CC5}.Release|x64.Build.0 = Release|iPhone
		{36EABE6F-BD22-4EC1-93A5-5707635E1CC5}.Release|x64.Deploy.0 = Release|iPhone
		{36EABE6F-BD22-4EC1-93A5-5707635E1CC5}.Release|x86.ActiveCfg = Release|iPhone
		{36EABE6F-BD22-4EC1-93A5-5707635E1CC5}.Release|x86.Build.0 = Release|iPhone
		{36EABE6F-BD22-4EC1-93A5-5707635E1CC5}.Release|x86.Deploy.0 = Release|iPhone
		{65B3E223-2D0E-4D6E-A63F-A19324569518}.Ad-Hoc|Any CPU.ActiveCfg = Release|x86
		{65B3E223-2D0E-4D6E-A63F-A19324569518}.Ad-Hoc|Any CPU.Build.0 = Release|x86
		{65B3E223-2D0E-4D6E-A63F-A19324569518}.Ad-Hoc|Any CPU.Deploy.0 = Release|x86
		{65B3E223-2D0E-4D6E-A63F-A19324569518}.Ad-Hoc|ARM.ActiveCfg = Release|ARM
		{65B3E223-2D0E-4D6E-A63F-A19324569518}.Ad-Hoc|ARM.Build.0 = Release|ARM
		{65B3E223-2D0E-4D6E-A63F-A19324569518}.Ad-Hoc|ARM.Deploy.0 = Release|ARM
		{65B3E223-2D0E-4D6E-A63F-A19324569518}.Ad-Hoc|iPhone.ActiveCfg = Release|x86
		{65B3E223-2D0E-4D6E-A63F-A19324569518}.Ad-Hoc|iPhone.Build.0 = Release|x86
		{65B3E223-2D0E-4D6E-A63F-A19324569518}.Ad-Hoc|iPhone.Deploy.0 = Release|x86
		{65B3E223-2D0E-4D6E-A63F-A19324569518}.Ad-Hoc|iPhoneSimulator.ActiveCfg = Release|x86
		{65B3E223-2D0E-4D6E-A63F-A19324569518}.Ad-Hoc|iPhoneSimulator.Build.0 = Release|x86
		{65B3E223-2D0E-4D6E-A63F-A19324569518}.Ad-Hoc|iPhoneSimulator.Deploy.0 = Release|x86
		{65B3E223-2D0E-4D6E-A63F-A19324569518}.Ad-Hoc|x64.ActiveCfg = Release|x64
		{65B3E223-2D0E-4D6E-A63F-A19324569518}.Ad-Hoc|x64.Build.0 = Release|x64
		{65B3E223-2D0E-4D6E-A63F-A19324569518}.Ad-Hoc|x64.Deploy.0 = Release|x64
		{65B3E223-2D0E-4D6E-A63F-A19324569518}.Ad-Hoc|x86.ActiveCfg = Release|x86
		{65B3E223-2D0E-4D6E-A63F-A19324569518}.Ad-Hoc|x86.Build.0 = Release|x86
		{65B3E223-2D0E-4D6E-A63F-A19324569518}.Ad-Hoc|x86.Deploy.0 = Release|x86
		{65B3E223-2D0E-4D6E-A63F-A19324569518}.AppStore|Any CPU.ActiveCfg = Release|x86
		{65B3E223-2D0E-4D6E-A63F-A19324569518}.AppStore|Any CPU.Build.0 = Release|x86
		{65B3E223-2D0E-4D6E-A63F-A19324569518}.AppStore|Any CPU.Deploy.0 = Release|x86
		{65B3E223-2D0E-4D6E-A63F-A19324569518}.AppStore|ARM.ActiveCfg = Release|ARM
		{65B3E223-2D0E-4D6E-A63F-A19324569518}.AppStore|ARM.Build.0 = Release|ARM
		{65B3E223-2D0E-4D6E-A63F-A19324569518}.AppStore|ARM.Deploy.0 = Release|ARM
		{65B3E223-2D0E-4D6E-A63F-A19324569518}.AppStore|iPhone.ActiveCfg = Release|x86
		{65B3E223-2D0E-4D6E-A63F-A19324569518}.AppStore|iPhone.Build.0 = Release|x86
		{65B3E223-2D0E-4D6E-A63F-A19324569518}.AppStore|iPhone.Deploy.0 = Release|x86
		{65B3E223-2D0E-4D6E-A63F-A19324569518}.AppStore|iPhoneSimulator.ActiveCfg = Release|x86
		{65B3E223-2D0E-4D6E-A63F-A19324569518}.AppStore|iPhoneSimulator.Build.0 = Release|x86
		{65B3E223-2D0E-4D6E-A63F-A19324569518}.AppStore|iPhoneSimulator.Deploy.0 = Release|x86
		{65B3E223-2D0E-4D6E-A63F-A19324569518}.AppStore|x64.ActiveCfg = Release|x64
		{65B3E223-2D0E-4D6E-A63F-A19324569518}.AppStore|x64.Build.0 = Release|x64
		{65B3E223-2D0E-4D6E-A63F-A19324569518}.AppStore|x64.Deploy.0 = Release|x64
		{65B3E223-2D0E-4D6E-A63F-A19324569518}.AppStore|x86.ActiveCfg = Release|x86
		{65B3E223-2D0E-4D6E-A63F-A19324569518}.AppStore|x86.Build.0 = Release|x86
		{65B3E223-2D0E-4D6E-A63F-A19324569518}.AppStore|x86.Deploy.0 = Release|x86
		{65B3E223-2D0E-4D6E-A63F-A19324569518}.Debug|Any CPU.ActiveCfg = Debug|x86
		{65B3E223-2D0E-4D6E-A63F-A19324569518}.Debug|Any CPU.Build.0 = Debug|x86
		{65B3E223-2D0E-4D6E-A63F-A19324569518}.Debug|Any CPU.Deploy.0 = Debug|x86
		{65B3E223-2D0E-4D6E-A63F-A19324569518}.Debug|ARM.ActiveCfg = Debug|ARM
		{65B3E223-2D0E-4D6E-A63F-A19324569518}.Debug|ARM.Build.0 = Debug|ARM
		{65B3E223-2D0E-4D6E-A63F-A19324569518}.Debug|ARM.Deploy.0 = Debug|ARM
		{65B3E223-2D0E-4D6E-A63F-A19324569518}.Debug|iPhone.ActiveCfg = Debug|x86
		{65B3E223-2D0E-4D6E-A63F-A19324569518}.Debug|iPhone.Build.0 = Debug|x86
		{65B3E223-2D0E-4D6E-A63F-A19324569518}.Debug|iPhone.Deploy.0 = Debug|x86
		{65B3E223-2D0E-4D6E-A63F-A19324569518}.Debug|iPhoneSimulator.ActiveCfg = Debug|x86
		{65B3E223-2D0E-4D6E-A63F-A19324569518}.Debug|iPhoneSimulator.Build.0 = Debug|x86
		{65B3E223-2D0E-4D6E-A63F-A19324569518}.Debug|iPhoneSimulator.Deploy.0 = Debug|x86
		{65B3E223-2D0E-4D6E-A63F-A19324569518}.Debug|x64.ActiveCfg = Debug|x64
		{65B3E223-2D0E-4D6E-A63F-A19324569518}.Debug|x64.Build.0 = Debug|x64
		{65B3E223-2D0E-4D6E-A63F-A19324569518}.Debug|x64.Deploy.0 = Debug|x64
		{65B3E223-2D0E-4D6E-A63F-A19324569518}.Debug|x86.ActiveCfg = Debug|x86
		{65B3E223-2D0E-4D6E-A63F-A19324569518}.Debug|x86.Build.0 = Debug|x86
		{65B3E223-2D0E-4D6E-A63F-A19324569518}.Debug|x86.Deploy.0 = Debug|x86
		{65B3E223-2D0E-4D6E-A63F-A19324569518}.Release|Any CPU.ActiveCfg = Release|x86
		{65B3E223-2D0E-4D6E-A63F-A19324569518}.Release|Any CPU.Build.0 = Release|x86
		{65B3E223-2D0E-4D6E-A63F-A19324569518}.Release|Any CPU.Deploy.0 = Release|x86
		{65B3E223-2D0E-4D6E-A63F-A19324569518}.Release|ARM.ActiveCfg = Release|ARM
		{65B3E223-2D0E-4D6E-A63F-A19324569518}.Release|ARM.Build.0 = Release|ARM
		{65B3E223-2D0E-4D6E-A63F-A19324569518}.Release|ARM.Deploy.0 = Release|ARM
		{65B3E223-2D0E-4D6E-A63F-A19324569518}.Release|iPhone.ActiveCfg = Release|x86
		{65B3E223-2D0E-4D6E-A63F-A19324569518}.Release|iPhone.Build.0 = Release|x86
		{65B3E223-2D0E-4D6E-A63F-A19324569518}.Release|iPhone.Deploy.0 = Release|x86
		{65B3E223-2D0E-4D6E-A63F-A19324569518}.Release|iPhoneSimulator.ActiveCfg = Release|x86
		{65B3E223-2D0E-4D6E-A63F-A19324569518}.Release|iPhoneSimulator.Build.0 = Release|x86
		{65B3E223-2D0E-4D6E-A63F-A19324569518}.Release|iPhoneSimulator.Deploy.0 = Release|x86
		{65B3E223-2D0E-4D6E-A63F-A19324569518}.Release|x64.ActiveCfg = Release|x64
		{65B3E223-2D0E-4D6E-A63F-A19324569518}.Release|x64.Build.0 = Release|x64
		{65B3E223-2D0E-4D6E-A63F-A19324569518}.Release|x64.Deploy.0 = Release|x64
		{65B3E223-2D0E-4D6E-A63F-A19324569518}.Release|x86.ActiveCfg = Release|x86
		{65B3E223-2D0E-4D6E-A63F-A19324569518}.Release|x86.Build.0 = Release|x86
		{65B3E223-2D0E-4D6E-A63F-A19324569518}.Release|x86.Deploy.0 = Release|x86
	EndGlobalSection
	GlobalSection(SolutionProperties) = preSolution
		HideSolutionNode = FALSE
	EndGlobalSection
	GlobalSection(ExtensibilityGlobals) = postSolution
		SolutionGuid = {EEDE987C-A340-43C0-AB20-033061DEA8E2}
	EndGlobalSection
EndGlobal
