
Microsoft Visual Studio Solution File, Format Version 12.00
# Visual Studio 15
VisualStudioVersion = 15.0.27703.2035
MinimumVisualStudioVersion = 10.0.40219.1
Project("{FAE04EC0-301F-11D3-BF4B-00C04F79EFBC}") = "AppMate.Android", "AppMate\AppMate.Android\AppMate.Android.csproj", "{569F50B8-72AC-42BE-BF4F-1633110C9448}"
EndProject
Project("{FAE04EC0-301F-11D3-BF4B-00C04F79EFBC}") = "AppMate.iOS", "AppMate\AppMate.iOS\AppMate.iOS.csproj", "{52BEB88F-D65A-4898-8081-8B9EB0944F8D}"
EndProject
Project("{FAE04EC0-301F-11D3-BF4B-00C04F79EFBC}") = "AppMate.UWP", "AppMate\AppMate.UWP\AppMate.UWP.csproj", "{50538960-AA99-4624-A853-22A49DC7A823}"
EndProject
Project("{FAE04EC0-301F-11D3-BF4B-00C04F79EFBC}") = "AppMate", "AppMate\AppMate\AppMate.csproj", "{A3736F5D-B942-4B2C-82FF-B2551A43EA39}"
EndProject
Global
	GlobalSection(SolutionConfigurationPlatforms) = preSolution
		Ad-Hoc|Any CPU = Ad-Hoc|Any CPU
		Ad-Hoc|ARM = Ad-Hoc|ARM
		Ad-Hoc|iPhone = Ad-Hoc|iPhone
		Ad-Hoc|iPhoneSimulator = Ad-Hoc|iPhoneSimulator
		Ad-Hoc|x64 = Ad-Hoc|x64
		Ad-Hoc|x86 = Ad-Hoc|x86
		AppStore|Any CPU = AppStore|Any CPU
		AppStore|ARM = AppStore|ARM
		AppStore|iPhone = AppStore|iPhone
		AppStore|iPhoneSimulator = AppStore|iPhoneSimulator
		AppStore|x64 = AppStore|x64
		AppStore|x86 = AppStore|x86
		Debug|Any CPU = Debug|Any CPU
		Debug|ARM = Debug|ARM
		Debug|iPhone = Debug|iPhone
		Debug|iPhoneSimulator = Debug|iPhoneSimulator
		Debug|x64 = Debug|x64
		Debug|x86 = Debug|x86
		Release|Any CPU = Release|Any CPU
		Release|ARM = Release|ARM
		Release|iPhone = Release|iPhone
		Release|iPhoneSimulator = Release|iPhoneSimulator
		Release|x64 = Release|x64
		Release|x86 = Release|x86
	EndGlobalSection
	GlobalSection(ProjectConfigurationPlatforms) = postSolution
		{569F50B8-72AC-42BE-BF4F-1633110C9448}.Ad-Hoc|Any CPU.ActiveCfg = Release|Any CPU
		{569F50B8-72AC-42BE-BF4F-1633110C9448}.Ad-Hoc|Any CPU.Build.0 = Release|Any CPU
		{569F50B8-72AC-42BE-BF4F-1633110C9448}.Ad-Hoc|Any CPU.Deploy.0 = Release|Any CPU
		{569F50B8-72AC-42BE-BF4F-1633110C9448}.Ad-Hoc|ARM.ActiveCfg = Release|Any CPU
		{569F50B8-72AC-42BE-BF4F-1633110C9448}.Ad-Hoc|ARM.Build.0 = Release|Any CPU
		{569F50B8-72AC-42BE-BF4F-1633110C9448}.Ad-Hoc|ARM.Deploy.0 = Release|Any CPU
		{569F50B8-72AC-42BE-BF4F-1633110C9448}.Ad-Hoc|iPhone.ActiveCfg = Release|Any CPU
		{569F50B8-72AC-42BE-BF4F-1633110C9448}.Ad-Hoc|iPhone.Build.0 = Release|Any CPU
		{569F50B8-72AC-42BE-BF4F-1633110C9448}.Ad-Hoc|iPhone.Deploy.0 = Release|Any CPU
		{569F50B8-72AC-42BE-BF4F-1633110C9448}.Ad-Hoc|iPhoneSimulator.ActiveCfg = Release|Any CPU
		{569F50B8-72AC-42BE-BF4F-1633110C9448}.Ad-Hoc|iPhoneSimulator.Build.0 = Release|Any CPU
		{569F50B8-72AC-42BE-BF4F-1633110C9448}.Ad-Hoc|iPhoneSimulator.Deploy.0 = Release|Any CPU
		{569F50B8-72AC-42BE-BF4F-1633110C9448}.Ad-Hoc|x64.ActiveCfg = Release|Any CPU
		{569F50B8-72AC-42BE-BF4F-1633110C9448}.Ad-Hoc|x64.Build.0 = Release|Any CPU
		{569F50B8-72AC-42BE-BF4F-1633110C9448}.Ad-Hoc|x64.Deploy.0 = Release|Any CPU
		{569F50B8-72AC-42BE-BF4F-1633110C9448}.Ad-Hoc|x86.ActiveCfg = Release|Any CPU
		{569F50B8-72AC-42BE-BF4F-1633110C9448}.Ad-Hoc|x86.Build.0 = Release|Any CPU
		{569F50B8-72AC-42BE-BF4F-1633110C9448}.Ad-Hoc|x86.Deploy.0 = Release|Any CPU
		{569F50B8-72AC-42BE-BF4F-1633110C9448}.AppStore|Any CPU.ActiveCfg = Release|Any CPU
		{569F50B8-72AC-42BE-BF4F-1633110C9448}.AppStore|Any CPU.Build.0 = Release|Any CPU
		{569F50B8-72AC-42BE-BF4F-1633110C9448}.AppStore|Any CPU.Deploy.0 = Release|Any CPU
		{569F50B8-72AC-42BE-BF4F-1633110C9448}.AppStore|ARM.ActiveCfg = Release|Any CPU
		{569F50B8-72AC-42BE-BF4F-1633110C9448}.AppStore|ARM.Build.0 = Release|Any CPU
		{569F50B8-72AC-42BE-BF4F-1633110C9448}.AppStore|ARM.Deploy.0 = Release|Any CPU
		{569F50B8-72AC-42BE-BF4F-1633110C9448}.AppStore|iPhone.ActiveCfg = Release|Any CPU
		{569F50B8-72AC-42BE-BF4F-1633110C9448}.AppStore|iPhone.Build.0 = Release|Any CPU
		{569F50B8-72AC-42BE-BF4F-1633110C9448}.AppStore|iPhone.Deploy.0 = Release|Any CPU
		{569F50B8-72AC-42BE-BF4F-1633110C9448}.AppStore|iPhoneSimulator.ActiveCfg = Release|Any CPU
		{569F50B8-72AC-42BE-BF4F-1633110C9448}.AppStore|iPhoneSimulator.Build.0 = Release|Any CPU
		{569F50B8-72AC-42BE-BF4F-1633110C9448}.AppStore|iPhoneSimulator.Deploy.0 = Release|Any CPU
		{569F50B8-72AC-42BE-BF4F-1633110C9448}.AppStore|x64.ActiveCfg = Release|Any CPU
		{569F50B8-72AC-42BE-BF4F-1633110C9448}.AppStore|x64.Build.0 = Release|Any CPU
		{569F50B8-72AC-42BE-BF4F-1633110C9448}.AppStore|x64.Deploy.0 = Release|Any CPU
		{569F50B8-72AC-42BE-BF4F-1633110C9448}.AppStore|x86.ActiveCfg = Release|Any CPU
		{569F50B8-72AC-42BE-BF4F-1633110C9448}.AppStore|x86.Build.0 = Release|Any CPU
		{569F50B8-72AC-42BE-BF4F-1633110C9448}.AppStore|x86.Deploy.0 = Release|Any CPU
		{569F50B8-72AC-42BE-BF4F-1633110C9448}.Debug|Any CPU.ActiveCfg = Debug|Any CPU
		{569F50B8-72AC-42BE-BF4F-1633110C9448}.Debug|Any CPU.Build.0 = Debug|Any CPU
		{569F50B8-72AC-42BE-BF4F-1633110C9448}.Debug|Any CPU.Deploy.0 = Debug|Any CPU
		{569F50B8-72AC-42BE-BF4F-1633110C9448}.Debug|ARM.ActiveCfg = Debug|Any CPU
		{569F50B8-72AC-42BE-BF4F-1633110C9448}.Debug|ARM.Build.0 = Debug|Any CPU
		{569F50B8-72AC-42BE-BF4F-1633110C9448}.Debug|ARM.Deploy.0 = Debug|Any CPU
		{569F50B8-72AC-42BE-BF4F-1633110C9448}.Debug|iPhone.ActiveCfg = Debug|Any CPU
		{569F50B8-72AC-42BE-BF4F-1633110C9448}.Debug|iPhone.Build.0 = Debug|Any CPU
		{569F50B8-72AC-42BE-BF4F-1633110C9448}.Debug|iPhone.Deploy.0 = Debug|Any CPU
		{569F50B8-72AC-42BE-BF4F-1633110C9448}.Debug|iPhoneSimulator.ActiveCfg = Debug|Any CPU
		{569F50B8-72AC-42BE-BF4F-1633110C9448}.Debug|iPhoneSimulator.Build.0 = Debug|Any CPU
		{569F50B8-72AC-42BE-BF4F-1633110C9448}.Debug|iPhoneSimulator.Deploy.0 = Debug|Any CPU
		{569F50B8-72AC-42BE-BF4F-1633110C9448}.Debug|x64.ActiveCfg = Debug|Any CPU
		{569F50B8-72AC-42BE-BF4F-1633110C9448}.Debug|x64.Build.0 = Debug|Any CPU
		{569F50B8-72AC-42BE-BF4F-1633110C9448}.Debug|x64.Deploy.0 = Debug|Any CPU
		{569F50B8-72AC-42BE-BF4F-1633110C9448}.Debug|x86.ActiveCfg = Debug|Any CPU
		{569F50B8-72AC-42BE-BF4F-1633110C9448}.Debug|x86.Build.0 = Debug|Any CPU
		{569F50B8-72AC-42BE-BF4F-1633110C9448}.Debug|x86.Deploy.0 = Debug|Any CPU
		{569F50B8-72AC-42BE-BF4F-1633110C9448}.Release|Any CPU.ActiveCfg = Release|Any CPU
		{569F50B8-72AC-42BE-BF4F-1633110C9448}.Release|Any CPU.Build.0 = Release|Any CPU
		{569F50B8-72AC-42BE-BF4F-1633110C9448}.Release|Any CPU.Deploy.0 = Release|Any CPU
		{569F50B8-72AC-42BE-BF4F-1633110C9448}.Release|ARM.ActiveCfg = Release|Any CPU
		{569F50B8-72AC-42BE-BF4F-1633110C9448}.Release|ARM.Build.0 = Release|Any CPU
		{569F50B8-72AC-42BE-BF4F-1633110C9448}.Release|ARM.Deploy.0 = Release|Any CPU
		{569F50B8-72AC-42BE-BF4F-1633110C9448}.Release|iPhone.ActiveCfg = Release|Any CPU
		{569F50B8-72AC-42BE-BF4F-1633110C9448}.Release|iPhone.Build.0 = Release|Any CPU
		{569F50B8-72AC-42BE-BF4F-1633110C9448}.Release|iPhone.Deploy.0 = Release|Any CPU
		{569F50B8-72AC-42BE-BF4F-1633110C9448}.Release|iPhoneSimulator.ActiveCfg = Release|Any CPU
		{569F50B8-72AC-42BE-BF4F-1633110C9448}.Release|iPhoneSimulator.Build.0 = Release|Any CPU
		{569F50B8-72AC-42BE-BF4F-1633110C9448}.Release|iPhoneSimulator.Deploy.0 = Release|Any CPU
		{569F50B8-72AC-42BE-BF4F-1633110C9448}.Release|x64.ActiveCfg = Release|Any CPU
		{569F50B8-72AC-42BE-BF4F-1633110C9448}.Release|x64.Build.0 = Release|Any CPU
		{569F50B8-72AC-42BE-BF4F-1633110C9448}.Release|x64.Deploy.0 = Release|Any CPU
		{569F50B8-72AC-42BE-BF4F-1633110C9448}.Release|x86.ActiveCfg = Release|Any CPU
		{569F50B8-72AC-42BE-BF4F-1633110C9448}.Release|x86.Build.0 = Release|Any CPU
		{569F50B8-72AC-42BE-BF4F-1633110C9448}.Release|x86.Deploy.0 = Release|Any CPU
		{52BEB88F-D65A-4898-8081-8B9EB0944F8D}.Ad-Hoc|Any CPU.ActiveCfg = Ad-Hoc|iPhone
		{52BEB88F-D65A-4898-8081-8B9EB0944F8D}.Ad-Hoc|ARM.ActiveCfg = Ad-Hoc|iPhone
		{52BEB88F-D65A-4898-8081-8B9EB0944F8D}.Ad-Hoc|iPhone.ActiveCfg = Ad-Hoc|iPhone
		{52BEB88F-D65A-4898-8081-8B9EB0944F8D}.Ad-Hoc|iPhone.Build.0 = Ad-Hoc|iPhone
		{52BEB88F-D65A-4898-8081-8B9EB0944F8D}.Ad-Hoc|iPhoneSimulator.ActiveCfg = Ad-Hoc|iPhoneSimulator
		{52BEB88F-D65A-4898-8081-8B9EB0944F8D}.Ad-Hoc|iPhoneSimulator.Build.0 = Ad-Hoc|iPhoneSimulator
		{52BEB88F-D65A-4898-8081-8B9EB0944F8D}.Ad-Hoc|x64.ActiveCfg = Ad-Hoc|iPhone
		{52BEB88F-D65A-4898-8081-8B9EB0944F8D}.Ad-Hoc|x86.ActiveCfg = Ad-Hoc|iPhone
		{52BEB88F-D65A-4898-8081-8B9EB0944F8D}.AppStore|Any CPU.ActiveCfg = AppStore|iPhone
		{52BEB88F-D65A-4898-8081-8B9EB0944F8D}.AppStore|ARM.ActiveCfg = AppStore|iPhone
		{52BEB88F-D65A-4898-8081-8B9EB0944F8D}.AppStore|iPhone.ActiveCfg = AppStore|iPhone
		{52BEB88F-D65A-4898-8081-8B9EB0944F8D}.AppStore|iPhone.Build.0 = AppStore|iPhone
		{52BEB88F-D65A-4898-8081-8B9EB0944F8D}.AppStore|iPhoneSimulator.ActiveCfg = AppStore|iPhoneSimulator
		{52BEB88F-D65A-4898-8081-8B9EB0944F8D}.AppStore|iPhoneSimulator.Build.0 = AppStore|iPhoneSimulator
		{52BEB88F-D65A-4898-8081-8B9EB0944F8D}.AppStore|x64.ActiveCfg = AppStore|iPhone
		{52BEB88F-D65A-4898-8081-8B9EB0944F8D}.AppStore|x86.ActiveCfg = AppStore|iPhone
		{52BEB88F-D65A-4898-8081-8B9EB0944F8D}.Debug|Any CPU.ActiveCfg = Debug|iPhone
		{52BEB88F-D65A-4898-8081-8B9EB0944F8D}.Debug|ARM.ActiveCfg = Debug|iPhone
		{52BEB88F-D65A-4898-8081-8B9EB0944F8D}.Debug|iPhone.ActiveCfg = Debug|iPhone
		{52BEB88F-D65A-4898-8081-8B9EB0944F8D}.Debug|iPhone.Build.0 = Debug|iPhone
		{52BEB88F-D65A-4898-8081-8B9EB0944F8D}.Debug|iPhoneSimulator.ActiveCfg = Debug|iPhoneSimulator
		{52BEB88F-D65A-4898-8081-8B9EB0944F8D}.Debug|iPhoneSimulator.Build.0 = Debug|iPhoneSimulator
		{52BEB88F-D65A-4898-8081-8B9EB0944F8D}.Debug|x64.ActiveCfg = Debug|iPhone
		{52BEB88F-D65A-4898-8081-8B9EB0944F8D}.Debug|x86.ActiveCfg = Debug|iPhone
		{52BEB88F-D65A-4898-8081-8B9EB0944F8D}.Release|Any CPU.ActiveCfg = Release|iPhone
		{52BEB88F-D65A-4898-8081-8B9EB0944F8D}.Release|ARM.ActiveCfg = Release|iPhone
		{52BEB88F-D65A-4898-8081-8B9EB0944F8D}.Release|iPhone.ActiveCfg = Release|iPhone
		{52BEB88F-D65A-4898-8081-8B9EB0944F8D}.Release|iPhone.Build.0 = Release|iPhone
		{52BEB88F-D65A-4898-8081-8B9EB0944F8D}.Release|iPhoneSimulator.ActiveCfg = Release|iPhoneSimulator
		{52BEB88F-D65A-4898-8081-8B9EB0944F8D}.Release|iPhoneSimulator.Build.0 = Release|iPhoneSimulator
		{52BEB88F-D65A-4898-8081-8B9EB0944F8D}.Release|x64.ActiveCfg = Release|iPhone
		{52BEB88F-D65A-4898-8081-8B9EB0944F8D}.Release|x86.ActiveCfg = Release|iPhone
		{50538960-AA99-4624-A853-22A49DC7A823}.Ad-Hoc|Any CPU.ActiveCfg = Release|x86
		{50538960-AA99-4624-A853-22A49DC7A823}.Ad-Hoc|Any CPU.Build.0 = Release|x86
		{50538960-AA99-4624-A853-22A49DC7A823}.Ad-Hoc|Any CPU.Deploy.0 = Release|x86
		{50538960-AA99-4624-A853-22A49DC7A823}.Ad-Hoc|ARM.ActiveCfg = Release|ARM
		{50538960-AA99-4624-A853-22A49DC7A823}.Ad-Hoc|ARM.Build.0 = Release|ARM
		{50538960-AA99-4624-A853-22A49DC7A823}.Ad-Hoc|ARM.Deploy.0 = Release|ARM
		{50538960-AA99-4624-A853-22A49DC7A823}.Ad-Hoc|iPhone.ActiveCfg = Release|x86
		{50538960-AA99-4624-A853-22A49DC7A823}.Ad-Hoc|iPhone.Build.0 = Release|x86
		{50538960-AA99-4624-A853-22A49DC7A823}.Ad-Hoc|iPhone.Deploy.0 = Release|x86
		{50538960-AA99-4624-A853-22A49DC7A823}.Ad-Hoc|iPhoneSimulator.ActiveCfg = Release|x86
		{50538960-AA99-4624-A853-22A49DC7A823}.Ad-Hoc|iPhoneSimulator.Build.0 = Release|x86
		{50538960-AA99-4624-A853-22A49DC7A823}.Ad-Hoc|iPhoneSimulator.Deploy.0 = Release|x86
		{50538960-AA99-4624-A853-22A49DC7A823}.Ad-Hoc|x64.ActiveCfg = Release|x64
		{50538960-AA99-4624-A853-22A49DC7A823}.Ad-Hoc|x64.Build.0 = Release|x64
		{50538960-AA99-4624-A853-22A49DC7A823}.Ad-Hoc|x64.Deploy.0 = Release|x64
		{50538960-AA99-4624-A853-22A49DC7A823}.Ad-Hoc|x86.ActiveCfg = Release|x86
		{50538960-AA99-4624-A853-22A49DC7A823}.Ad-Hoc|x86.Build.0 = Release|x86
		{50538960-AA99-4624-A853-22A49DC7A823}.Ad-Hoc|x86.Deploy.0 = Release|x86
		{50538960-AA99-4624-A853-22A49DC7A823}.AppStore|Any CPU.ActiveCfg = Release|x86
		{50538960-AA99-4624-A853-22A49DC7A823}.AppStore|Any CPU.Build.0 = Release|x86
		{50538960-AA99-4624-A853-22A49DC7A823}.AppStore|Any CPU.Deploy.0 = Release|x86
		{50538960-AA99-4624-A853-22A49DC7A823}.AppStore|ARM.ActiveCfg = Release|ARM
		{50538960-AA99-4624-A853-22A49DC7A823}.AppStore|ARM.Build.0 = Release|ARM
		{50538960-AA99-4624-A853-22A49DC7A823}.AppStore|ARM.Deploy.0 = Release|ARM
		{50538960-AA99-4624-A853-22A49DC7A823}.AppStore|iPhone.ActiveCfg = Release|x86
		{50538960-AA99-4624-A853-22A49DC7A823}.AppStore|iPhone.Build.0 = Release|x86
		{50538960-AA99-4624-A853-22A49DC7A823}.AppStore|iPhone.Deploy.0 = Release|x86
		{50538960-AA99-4624-A853-22A49DC7A823}.AppStore|iPhoneSimulator.ActiveCfg = Release|x86
		{50538960-AA99-4624-A853-22A49DC7A823}.AppStore|iPhoneSimulator.Build.0 = Release|x86
		{50538960-AA99-4624-A853-22A49DC7A823}.AppStore|iPhoneSimulator.Deploy.0 = Release|x86
		{50538960-AA99-4624-A853-22A49DC7A823}.AppStore|x64.ActiveCfg = Release|x64
		{50538960-AA99-4624-A853-22A49DC7A823}.AppStore|x64.Build.0 = Release|x64
		{50538960-AA99-4624-A853-22A49DC7A823}.AppStore|x64.Deploy.0 = Release|x64
		{50538960-AA99-4624-A853-22A49DC7A823}.AppStore|x86.ActiveCfg = Release|x86
		{50538960-AA99-4624-A853-22A49DC7A823}.AppStore|x86.Build.0 = Release|x86
		{50538960-AA99-4624-A853-22A49DC7A823}.AppStore|x86.Deploy.0 = Release|x86
		{50538960-AA99-4624-A853-22A49DC7A823}.Debug|Any CPU.ActiveCfg = Debug|x86
		{50538960-AA99-4624-A853-22A49DC7A823}.Debug|ARM.ActiveCfg = Debug|ARM
		{50538960-AA99-4624-A853-22A49DC7A823}.Debug|ARM.Build.0 = Debug|ARM
		{50538960-AA99-4624-A853-22A49DC7A823}.Debug|ARM.Deploy.0 = Debug|ARM
		{50538960-AA99-4624-A853-22A49DC7A823}.Debug|iPhone.ActiveCfg = Debug|x86
		{50538960-AA99-4624-A853-22A49DC7A823}.Debug|iPhoneSimulator.ActiveCfg = Debug|x86
		{50538960-AA99-4624-A853-22A49DC7A823}.Debug|x64.ActiveCfg = Debug|x64
		{50538960-AA99-4624-A853-22A49DC7A823}.Debug|x64.Build.0 = Debug|x64
		{50538960-AA99-4624-A853-22A49DC7A823}.Debug|x64.Deploy.0 = Debug|x64
		{50538960-AA99-4624-A853-22A49DC7A823}.Debug|x86.ActiveCfg = Debug|x86
		{50538960-AA99-4624-A853-22A49DC7A823}.Debug|x86.Build.0 = Debug|x86
		{50538960-AA99-4624-A853-22A49DC7A823}.Debug|x86.Deploy.0 = Debug|x86
		{50538960-AA99-4624-A853-22A49DC7A823}.Release|Any CPU.ActiveCfg = Release|x86
		{50538960-AA99-4624-A853-22A49DC7A823}.Release|ARM.ActiveCfg = Release|ARM
		{50538960-AA99-4624-A853-22A49DC7A823}.Release|ARM.Build.0 = Release|ARM
		{50538960-AA99-4624-A853-22A49DC7A823}.Release|ARM.Deploy.0 = Release|ARM
		{50538960-AA99-4624-A853-22A49DC7A823}.Release|iPhone.ActiveCfg = Release|x86
		{50538960-AA99-4624-A853-22A49DC7A823}.Release|iPhoneSimulator.ActiveCfg = Release|x86
		{50538960-AA99-4624-A853-22A49DC7A823}.Release|x64.ActiveCfg = Release|x64
		{50538960-AA99-4624-A853-22A49DC7A823}.Release|x64.Build.0 = Release|x64
		{50538960-AA99-4624-A853-22A49DC7A823}.Release|x64.Deploy.0 = Release|x64
		{50538960-AA99-4624-A853-22A49DC7A823}.Release|x86.ActiveCfg = Release|x86
		{50538960-AA99-4624-A853-22A49DC7A823}.Release|x86.Build.0 = Release|x86
		{50538960-AA99-4624-A853-22A49DC7A823}.Release|x86.Deploy.0 = Release|x86
		{A3736F5D-B942-4B2C-82FF-B2551A43EA39}.Ad-Hoc|Any CPU.ActiveCfg = Debug|Any CPU
		{A3736F5D-B942-4B2C-82FF-B2551A43EA39}.Ad-Hoc|Any CPU.Build.0 = Debug|Any CPU
		{A3736F5D-B942-4B2C-82FF-B2551A43EA39}.Ad-Hoc|ARM.ActiveCfg = Debug|Any CPU
		{A3736F5D-B942-4B2C-82FF-B2551A43EA39}.Ad-Hoc|ARM.Build.0 = Debug|Any CPU
		{A3736F5D-B942-4B2C-82FF-B2551A43EA39}.Ad-Hoc|iPhone.ActiveCfg = Debug|Any CPU
		{A3736F5D-B942-4B2C-82FF-B2551A43EA39}.Ad-Hoc|iPhone.Build.0 = Debug|Any CPU
		{A3736F5D-B942-4B2C-82FF-B2551A43EA39}.Ad-Hoc|iPhoneSimulator.ActiveCfg = Debug|Any CPU
		{A3736F5D-B942-4B2C-82FF-B2551A43EA39}.Ad-Hoc|iPhoneSimulator.Build.0 = Debug|Any CPU
		{A3736F5D-B942-4B2C-82FF-B2551A43EA39}.Ad-Hoc|x64.ActiveCfg = Debug|Any CPU
		{A3736F5D-B942-4B2C-82FF-B2551A43EA39}.Ad-Hoc|x64.Build.0 = Debug|Any CPU
		{A3736F5D-B942-4B2C-82FF-B2551A43EA39}.Ad-Hoc|x86.ActiveCfg = Debug|Any CPU
		{A3736F5D-B942-4B2C-82FF-B2551A43EA39}.Ad-Hoc|x86.Build.0 = Debug|Any CPU
		{A3736F5D-B942-4B2C-82FF-B2551A43EA39}.AppStore|Any CPU.ActiveCfg = Debug|Any CPU
		{A3736F5D-B942-4B2C-82FF-B2551A43EA39}.AppStore|Any CPU.Build.0 = Debug|Any CPU
		{A3736F5D-B942-4B2C-82FF-B2551A43EA39}.AppStore|ARM.ActiveCfg = Debug|Any CPU
		{A3736F5D-B942-4B2C-82FF-B2551A43EA39}.AppStore|ARM.Build.0 = Debug|Any CPU
		{A3736F5D-B942-4B2C-82FF-B2551A43EA39}.AppStore|iPhone.ActiveCfg = Debug|Any CPU
		{A3736F5D-B942-4B2C-82FF-B2551A43EA39}.AppStore|iPhone.Build.0 = Debug|Any CPU
		{A3736F5D-B942-4B2C-82FF-B2551A43EA39}.AppStore|iPhoneSimulator.ActiveCfg = Debug|Any CPU
		{A3736F5D-B942-4B2C-82FF-B2551A43EA39}.AppStore|iPhoneSimulator.Build.0 = Debug|Any CPU
		{A3736F5D-B942-4B2C-82FF-B2551A43EA39}.AppStore|x64.ActiveCfg = Debug|Any CPU
		{A3736F5D-B942-4B2C-82FF-B2551A43EA39}.AppStore|x64.Build.0 = Debug|Any CPU
		{A3736F5D-B942-4B2C-82FF-B2551A43EA39}.AppStore|x86.ActiveCfg = Debug|Any CPU
		{A3736F5D-B942-4B2C-82FF-B2551A43EA39}.AppStore|x86.Build.0 = Debug|Any CPU
		{A3736F5D-B942-4B2C-82FF-B2551A43EA39}.Debug|Any CPU.ActiveCfg = Debug|Any CPU
		{A3736F5D-B942-4B2C-82FF-B2551A43EA39}.Debug|Any CPU.Build.0 = Debug|Any CPU
		{A3736F5D-B942-4B2C-82FF-B2551A43EA39}.Debug|ARM.ActiveCfg = Debug|Any CPU
		{A3736F5D-B942-4B2C-82FF-B2551A43EA39}.Debug|ARM.Build.0 = Debug|Any CPU
		{A3736F5D-B942-4B2C-82FF-B2551A43EA39}.Debug|iPhone.ActiveCfg = Debug|Any CPU
		{A3736F5D-B942-4B2C-82FF-B2551A43EA39}.Debug|iPhone.Build.0 = Debug|Any CPU
		{A3736F5D-B942-4B2C-82FF-B2551A43EA39}.Debug|iPhoneSimulator.ActiveCfg = Debug|Any CPU
		{A3736F5D-B942-4B2C-82FF-B2551A43EA39}.Debug|iPhoneSimulator.Build.0 = Debug|Any CPU
		{A3736F5D-B942-4B2C-82FF-B2551A43EA39}.Debug|x64.ActiveCfg = Debug|Any CPU
		{A3736F5D-B942-4B2C-82FF-B2551A43EA39}.Debug|x64.Build.0 = Debug|Any CPU
		{A3736F5D-B942-4B2C-82FF-B2551A43EA39}.Debug|x86.ActiveCfg = Debug|Any CPU
		{A3736F5D-B942-4B2C-82FF-B2551A43EA39}.Debug|x86.Build.0 = Debug|Any CPU
		{A3736F5D-B942-4B2C-82FF-B2551A43EA39}.Release|Any CPU.ActiveCfg = Release|Any CPU
		{A3736F5D-B942-4B2C-82FF-B2551A43EA39}.Release|Any CPU.Build.0 = Release|Any CPU
		{A3736F5D-B942-4B2C-82FF-B2551A43EA39}.Release|ARM.ActiveCfg = Release|Any CPU
		{A3736F5D-B942-4B2C-82FF-B2551A43EA39}.Release|ARM.Build.0 = Release|Any CPU
		{A3736F5D-B942-4B2C-82FF-B2551A43EA39}.Release|iPhone.ActiveCfg = Release|Any CPU
		{A3736F5D-B942-4B2C-82FF-B2551A43EA39}.Release|iPhone.Build.0 = Release|Any CPU
		{A3736F5D-B942-4B2C-82FF-B2551A43EA39}.Release|iPhoneSimulator.ActiveCfg = Release|Any CPU
		{A3736F5D-B942-4B2C-82FF-B2551A43EA39}.Release|iPhoneSimulator.Build.0 = Release|Any CPU
		{A3736F5D-B942-4B2C-82FF-B2551A43EA39}.Release|x64.ActiveCfg = Release|Any CPU
		{A3736F5D-B942-4B2C-82FF-B2551A43EA39}.Release|x64.Build.0 = Release|Any CPU
		{A3736F5D-B942-4B2C-82FF-B2551A43EA39}.Release|x86.ActiveCfg = Release|Any CPU
		{A3736F5D-B942-4B2C-82FF-B2551A43EA39}.Release|x86.Build.0 = Release|Any CPU
	EndGlobalSection
	GlobalSection(SolutionProperties) = preSolution
		HideSolutionNode = FALSE
	EndGlobalSection
	GlobalSection(ExtensibilityGlobals) = postSolution
		SolutionGuid = {EEDE987C-A340-43C0-AB20-033061DEA8E2}
	EndGlobalSection
EndGlobal
